{
  "name": "http-response-builder",
  "version": "1.0.0",
  "lockfileVersion": 1,
  "requires": true,
  "dependencies": {
    "http-foundation-response": {
      "version": "1.0.0",
      "resolved": "https://registry.npmjs.org/http-foundation-response/-/http-foundation-response-1.0.0.tgz",
      "integrity": "sha512-hDAoEARAwEWmfVM9atM7Sdm6hMKB9ZoUGrnlosUTSn+hynYpgvgx/qvTYVJxMbxfJGvxHG0FqACik71j7n9wwQ=="
    }
  }
}
